
Microsoft Visual Studio Solution File, Format Version 12.00
# Visual Studio 15
VisualStudioVersion = 15.0.28307.421
MinimumVisualStudioVersion = 10.0.40219.1
Project("{8BC9CEB8-8B4A-11D0-8D11-00A0C91BC942}") = "ChecksumVerifier", "ChecksumVerifier\ChecksumVerifier.vcxproj", "{7FAE1C33-28CB-4D57-87BA-E56BF2CA5F6D}"
EndProject
Project("{C7167F0D-BC9F-4E6E-AFE1-012C56B48DB5}") = "WapProjTemplate11", "WapProjTemplate11\WapProjTemplate11.wapproj", "{AE170724-DC3C-4F20-9411-E76B69D4F19B}"
EndProject
Global
	GlobalSection(SolutionConfigurationPlatforms) = preSolution
		Debug|Any CPU = Debug|Any CPU
		Debug|ARM = Debug|ARM
		Debug|ARM64 = Debug|ARM64
		Debug|x64 = Debug|x64
		Debug|x86 = Debug|x86
		Release|Any CPU = Release|Any CPU
		Release|ARM = Release|ARM
		Release|ARM64 = Release|ARM64
		Release|x64 = Release|x64
		Release|x86 = Release|x86
	EndGlobalSection
	GlobalSection(ProjectConfigurationPlatforms) = postSolution
		{7FAE1C33-28CB-4D57-87BA-E56BF2CA5F6D}.Debug|Any CPU.ActiveCfg = Debug|Win32
		{7FAE1C33-28CB-4D57-87BA-E56BF2CA5F6D}.Debug|ARM.ActiveCfg = Debug|ARM
		{7FAE1C33-28CB-4D57-87BA-E56BF2CA5F6D}.Debug|ARM.Build.0 = Debug|ARM
		{7FAE1C33-28CB-4D57-87BA-E56BF2CA5F6D}.Debug|ARM.Deploy.0 = Debug|ARM
		{7FAE1C33-28CB-4D57-87BA-E56BF2CA5F6D}.Debug|ARM64.ActiveCfg = Debug|ARM64
		{7FAE1C33-28CB-4D57-87BA-E56BF2CA5F6D}.Debug|ARM64.Build.0 = Debug|ARM64
		{7FAE1C33-28CB-4D57-87BA-E56BF2CA5F6D}.Debug|ARM64.Deploy.0 = Debug|ARM64
		{7FAE1C33-28CB-4D57-87BA-E56BF2CA5F6D}.Debug|x64.ActiveCfg = Debug|x64
		{7FAE1C33-28CB-4D57-87BA-E56BF2CA5F6D}.Debug|x64.Build.0 = Debug|x64
		{7FAE1C33-28CB-4D57-87BA-E56BF2CA5F6D}.Debug|x64.Deploy.0 = Debug|x64
		{7FAE1C33-28CB-4D57-87BA-E56BF2CA5F6D}.Debug|x86.ActiveCfg = Debug|Win32
		{7FAE1C33-28CB-4D57-87BA-E56BF2CA5F6D}.Debug|x86.Build.0 = Debug|Win32
		{7FAE1C33-28CB-4D57-87BA-E56BF2CA5F6D}.Debug|x86.Deploy.0 = Debug|Win32
		{7FAE1C33-28CB-4D57-87BA-E56BF2CA5F6D}.Release|Any CPU.ActiveCfg = Release|Win32
		{7FAE1C33-28CB-4D57-87BA-E56BF2CA5F6D}.Release|ARM.ActiveCfg = Release|ARM
		{7FAE1C33-28CB-4D57-87BA-E56BF2CA5F6D}.Release|ARM.Build.0 = Release|ARM
		{7FAE1C33-28CB-4D57-87BA-E56BF2CA5F6D}.Release|ARM.Deploy.0 = Release|ARM
		{7FAE1C33-28CB-4D57-87BA-E56BF2CA5F6D}.Release|ARM64.ActiveCfg = Release|ARM64
		{7FAE1C33-28CB-4D57-87BA-E56BF2CA5F6D}.Release|ARM64.Build.0 = Release|ARM64
		{7FAE1C33-28CB-4D57-87BA-E56BF2CA5F6D}.Release|ARM64.Deploy.0 = Release|ARM64
		{7FAE1C33-28CB-4D57-87BA-E56BF2CA5F6D}.Release|x64.ActiveCfg = Release|x64
		{7FAE1C33-28CB-4D57-87BA-E56BF2CA5F6D}.Release|x64.Build.0 = Release|x64
		{7FAE1C33-28CB-4D57-87BA-E56BF2CA5F6D}.Release|x64.Deploy.0 = Release|x64
		{7FAE1C33-28CB-4D57-87BA-E56BF2CA5F6D}.Release|x86.ActiveCfg = Release|Win32
		{7FAE1C33-28CB-4D57-87BA-E56BF2CA5F6D}.Release|x86.Build.0 = Release|Win32
		{7FAE1C33-28CB-4D57-87BA-E56BF2CA5F6D}.Release|x86.Deploy.0 = Release|Win32
		{AE170724-DC3C-4F20-9411-E76B69D4F19B}.Debug|Any CPU.ActiveCfg = Debug|Any CPU
		{AE170724-DC3C-4F20-9411-E76B69D4F19B}.Debug|Any CPU.Build.0 = Debug|Any CPU
		{AE170724-DC3C-4F20-9411-E76B69D4F19B}.Debug|Any CPU.Deploy.0 = Debug|Any CPU
		{AE170724-DC3C-4F20-9411-E76B69D4F19B}.Debug|ARM.ActiveCfg = Debug|Any CPU
		{AE170724-DC3C-4F20-9411-E76B69D4F19B}.Debug|ARM.Build.0 = Debug|Any CPU
		{AE170724-DC3C-4F20-9411-E76B69D4F19B}.Debug|ARM.Deploy.0 = Debug|Any CPU
		{AE170724-DC3C-4F20-9411-E76B69D4F19B}.Debug|ARM64.ActiveCfg = Debug|Any CPU
		{AE170724-DC3C-4F20-9411-E76B69D4F19B}.Debug|ARM64.Build.0 = Debug|Any CPU
		{AE170724-DC3C-4F20-9411-E76B69D4F19B}.Debug|ARM64.Deploy.0 = Debug|Any CPU
		{AE170724-DC3C-4F20-9411-E76B69D4F19B}.Debug|x64.ActiveCfg = Debug|x64
		{AE170724-DC3C-4F20-9411-E76B69D4F19B}.Debug|x64.Build.0 = Debug|x64
		{AE170724-DC3C-4F20-9411-E76B69D4F19B}.Debug|x64.Deploy.0 = Debug|x64
		{AE170724-DC3C-4F20-9411-E76B69D4F19B}.Debug|x86.ActiveCfg = Debug|x86
		{AE170724-DC3C-4F20-9411-E76B69D4F19B}.Debug|x86.Build.0 = Debug|x86
		{AE170724-DC3C-4F20-9411-E76B69D4F19B}.Debug|x86.Deploy.0 = Debug|x86
		{AE170724-DC3C-4F20-9411-E76B69D4F19B}.Release|Any CPU.ActiveCfg = Release|Any CPU
		{AE170724-DC3C-4F20-9411-E76B69D4F19B}.Release|Any CPU.Build.0 = Release|Any CPU
		{AE170724-DC3C-4F20-9411-E76B69D4F19B}.Release|Any CPU.Deploy.0 = Release|Any CPU
		{AE170724-DC3C-4F20-9411-E76B69D4F19B}.Release|ARM.ActiveCfg = Release|Any CPU
		{AE170724-DC3C-4F20-9411-E76B69D4F19B}.Release|ARM.Build.0 = Release|Any CPU
		{AE170724-DC3C-4F20-9411-E76B69D4F19B}.Release|ARM.Deploy.0 = Release|Any CPU
		{AE170724-DC3C-4F20-9411-E76B69D4F19B}.Release|ARM64.ActiveCfg = Release|Any CPU
		{AE170724-DC3C-4F20-9411-E76B69D4F19B}.Release|ARM64.Build.0 = Release|Any CPU
		{AE170724-DC3C-4F20-9411-E76B69D4F19B}.Release|ARM64.Deploy.0 = Release|Any CPU
		{AE170724-DC3C-4F20-9411-E76B69D4F19B}.Release|x64.ActiveCfg = Release|x64
		{AE170724-DC3C-4F20-9411-E76B69D4F19B}.Release|x64.Build.0 = Release|x64
		{AE170724-DC3C-4F20-9411-E76B69D4F19B}.Release|x64.Deploy.0 = Release|x64
		{AE170724-DC3C-4F20-9411-E76B69D4F19B}.Release|x86.ActiveCfg = Release|x86
		{AE170724-DC3C-4F20-9411-E76B69D4F19B}.Release|x86.Build.0 = Release|x86
		{AE170724-DC3C-4F20-9411-E76B69D4F19B}.Release|x86.Deploy.0 = Release|x86
	EndGlobalSection
	GlobalSection(SolutionProperties) = preSolution
		HideSolutionNode = FALSE
	EndGlobalSection
	GlobalSection(ExtensibilityGlobals) = postSolution
		SolutionGuid = {503A03BB-F87B-47D9-8E56-A6982EF9167D}
	EndGlobalSection
EndGlobal
